<?xml version="1.0" encoding="utf-8"?>
<Project ToolsVersion="4.0" xmlns="http://schemas.microsoft.com/developer/msbuild/2003">
  <ItemGroup>
    <ClCompile Include="Component.cpp" />
    <ClCompile Include="CubeComponent.cpp" />
    <ClCompile Include="DrawComponent.cpp" />
    <ClCompile Include="GameObject.cpp" />
    <ClCompile Include="Main.cpp" />
    <ClCompile Include="source\Shader.cpp" />
    <ClCompile Include="source\Text.cpp" />
    <ClCompile Include="MenuComponent.cpp" />
    <ClCompile Include="PyramidComponent.cpp" />
    <ClCompile Include="SpinComponent.cpp" />
    <ClCompile Include="Vec.cpp" />
    <ClCompile Include="Menu.cpp" />
    <ClCompile Include="MainMenu.cpp" />
    <ClCompile Include="InstructionMenu.cpp" />
    <ClCompile Include="PlayMenu.cpp" />
    <ClCompile Include="OptionMenu.cpp" />
  </ItemGroup>
  <ItemGroup>
    <ClInclude Include="header\Shader.h" />
    <ClInclude Include="header\Text.h" />
    <ClInclude Include="Component.h" />
    <ClInclude Include="CubeComponent.h" />
    <ClInclude Include="DrawComponent.h" />
    <ClInclude Include="GameObject.h" />
    <ClInclude Include="MenuComponent.h" />
    <ClInclude Include="PyramidComponent.h" />
    <ClInclude Include="SpinComponent.h" />
    <ClInclude Include="Vec.h" />
    <ClInclude Include="Menu.h" />
    <ClInclude Include="MainMenu.h" />
    <ClInclude Include="InstructionMenu.h" />
    <ClInclude Include="PlayMenu.h" />
    <ClInclude Include="OptionMenu.h" />
  </ItemGroup>
  <ItemGroup>
    <Filter Include="shaders">
      <UniqueIdentifier>{1dcc400f-015d-4ac3-a10b-dff452e5bde2}</UniqueIdentifier>
    </Filter>
  </ItemGroup>
  <ItemGroup>
    <None Include="shaders\text.vs">
      <Filter>shaders</Filter>
    </None>
    <None Include="shaders\textORIG.frag">
      <Filter>shaders</Filter>
    </None>
    <None Include="shaders\textORIG.vs">
      <Filter>shaders</Filter>
    </None>
    <None Include="shaders\text.frag">
      <Filter>shaders</Filter>
    </None>
  </ItemGroup>
</Project>